
Microsoft Visual Studio Solution File, Format Version 12.00
# Visual Studio Version 17
VisualStudioVersion = 17.8.34330.188
MinimumVisualStudioVersion = 10.0.40219.1
Project("{FAE04EC0-301F-11D3-BF4B-00C04F79EFBC}") = "BeePassKeeper.Android", "BeePassKeeper\BeePassKeeper.Android\BeePassKeeper.Android.csproj", "{4F1CEE54-EC8A-40D5-B57F-113CA1ECF518}"
EndProject
Project("{FAE04EC0-301F-11D3-BF4B-00C04F79EFBC}") = "BeePassKeeper.iOS", "BeePassKeeper\BeePassKeeper.iOS\BeePassKeeper.iOS.csproj", "{FA6F0132-E945-45D6-B0B7-2C3373092B23}"
EndProject
Project("{FAE04EC0-301F-11D3-BF4B-00C04F79EFBC}") = "BeePassKeeper", "BeePassKeeper\BeePassKeeper\BeePassKeeper.csproj", "{C421F18F-DDE5-435F-BBD7-A92613385D0B}"
EndProject
Global
	GlobalSection(SolutionConfigurationPlatforms) = preSolution
		Debug|Any CPU = Debug|Any CPU
		Debug|iPhone = Debug|iPhone
		Debug|iPhoneSimulator = Debug|iPhoneSimulator
		Release|Any CPU = Release|Any CPU
		Release|iPhone = Release|iPhone
		Release|iPhoneSimulator = Release|iPhoneSimulator
	EndGlobalSection
	GlobalSection(ProjectConfigurationPlatforms) = postSolution
		{4F1CEE54-EC8A-40D5-B57F-113CA1ECF518}.Debug|Any CPU.ActiveCfg = Debug|Any CPU
		{4F1CEE54-EC8A-40D5-B57F-113CA1ECF518}.Debug|Any CPU.Build.0 = Debug|Any CPU
		{4F1CEE54-EC8A-40D5-B57F-113CA1ECF518}.Debug|Any CPU.Deploy.0 = Debug|Any CPU
		{4F1CEE54-EC8A-40D5-B57F-113CA1ECF518}.Debug|iPhone.ActiveCfg = Debug|Any CPU
		{4F1CEE54-EC8A-40D5-B57F-113CA1ECF518}.Debug|iPhone.Build.0 = Debug|Any CPU
		{4F1CEE54-EC8A-40D5-B57F-113CA1ECF518}.Debug|iPhone.Deploy.0 = Debug|Any CPU
		{4F1CEE54-EC8A-40D5-B57F-113CA1ECF518}.Debug|iPhoneSimulator.ActiveCfg = Debug|Any CPU
		{4F1CEE54-EC8A-40D5-B57F-113CA1ECF518}.Debug|iPhoneSimulator.Build.0 = Debug|Any CPU
		{4F1CEE54-EC8A-40D5-B57F-113CA1ECF518}.Debug|iPhoneSimulator.Deploy.0 = Debug|Any CPU
		{4F1CEE54-EC8A-40D5-B57F-113CA1ECF518}.Release|Any CPU.ActiveCfg = Release|Any CPU
		{4F1CEE54-EC8A-40D5-B57F-113CA1ECF518}.Release|Any CPU.Build.0 = Release|Any CPU
		{4F1CEE54-EC8A-40D5-B57F-113CA1ECF518}.Release|Any CPU.Deploy.0 = Release|Any CPU
		{4F1CEE54-EC8A-40D5-B57F-113CA1ECF518}.Release|iPhone.ActiveCfg = Release|Any CPU
		{4F1CEE54-EC8A-40D5-B57F-113CA1ECF518}.Release|iPhone.Build.0 = Release|Any CPU
		{4F1CEE54-EC8A-40D5-B57F-113CA1ECF518}.Release|iPhone.Deploy.0 = Release|Any CPU
		{4F1CEE54-EC8A-40D5-B57F-113CA1ECF518}.Release|iPhoneSimulator.ActiveCfg = Release|Any CPU
		{4F1CEE54-EC8A-40D5-B57F-113CA1ECF518}.Release|iPhoneSimulator.Build.0 = Release|Any CPU
		{4F1CEE54-EC8A-40D5-B57F-113CA1ECF518}.Release|iPhoneSimulator.Deploy.0 = Release|Any CPU
		{FA6F0132-E945-45D6-B0B7-2C3373092B23}.Debug|Any CPU.ActiveCfg = Debug|iPhone
		{FA6F0132-E945-45D6-B0B7-2C3373092B23}.Debug|Any CPU.Build.0 = Debug|iPhone
		{FA6F0132-E945-45D6-B0B7-2C3373092B23}.Debug|Any CPU.Deploy.0 = Debug|iPhone
		{FA6F0132-E945-45D6-B0B7-2C3373092B23}.Debug|iPhone.ActiveCfg = Debug|iPhone
		{FA6F0132-E945-45D6-B0B7-2C3373092B23}.Debug|iPhone.Build.0 = Debug|iPhone
		{FA6F0132-E945-45D6-B0B7-2C3373092B23}.Debug|iPhone.Deploy.0 = Debug|iPhone
		{FA6F0132-E945-45D6-B0B7-2C3373092B23}.Debug|iPhoneSimulator.ActiveCfg = Debug|iPhoneSimulator
		{FA6F0132-E945-45D6-B0B7-2C3373092B23}.Debug|iPhoneSimulator.Build.0 = Debug|iPhoneSimulator
		{FA6F0132-E945-45D6-B0B7-2C3373092B23}.Debug|iPhoneSimulator.Deploy.0 = Debug|iPhoneSimulator
		{FA6F0132-E945-45D6-B0B7-2C3373092B23}.Release|Any CPU.ActiveCfg = Release|iPhoneSimulator
		{FA6F0132-E945-45D6-B0B7-2C3373092B23}.Release|Any CPU.Build.0 = Release|iPhoneSimulator
		{FA6F0132-E945-45D6-B0B7-2C3373092B23}.Release|Any CPU.Deploy.0 = Release|iPhoneSimulator
		{FA6F0132-E945-45D6-B0B7-2C3373092B23}.Release|iPhone.ActiveCfg = Release|iPhone
		{FA6F0132-E945-45D6-B0B7-2C3373092B23}.Release|iPhone.Build.0 = Release|iPhone
		{FA6F0132-E945-45D6-B0B7-2C3373092B23}.Release|iPhone.Deploy.0 = Release|iPhone
		{FA6F0132-E945-45D6-B0B7-2C3373092B23}.Release|iPhoneSimulator.ActiveCfg = Release|iPhoneSimulator
		{FA6F0132-E945-45D6-B0B7-2C3373092B23}.Release|iPhoneSimulator.Build.0 = Release|iPhoneSimulator
		{FA6F0132-E945-45D6-B0B7-2C3373092B23}.Release|iPhoneSimulator.Deploy.0 = Release|iPhoneSimulator
		{C421F18F-DDE5-435F-BBD7-A92613385D0B}.Debug|Any CPU.ActiveCfg = Debug|Any CPU
		{C421F18F-DDE5-435F-BBD7-A92613385D0B}.Debug|Any CPU.Build.0 = Debug|Any CPU
		{C421F18F-DDE5-435F-BBD7-A92613385D0B}.Debug|Any CPU.Deploy.0 = Debug|Any CPU
		{C421F18F-DDE5-435F-BBD7-A92613385D0B}.Debug|iPhone.ActiveCfg = Debug|Any CPU
		{C421F18F-DDE5-435F-BBD7-A92613385D0B}.Debug|iPhone.Build.0 = Debug|Any CPU
		{C421F18F-DDE5-435F-BBD7-A92613385D0B}.Debug|iPhone.Deploy.0 = Debug|Any CPU
		{C421F18F-DDE5-435F-BBD7-A92613385D0B}.Debug|iPhoneSimulator.ActiveCfg = Debug|Any CPU
		{C421F18F-DDE5-435F-BBD7-A92613385D0B}.Debug|iPhoneSimulator.Build.0 = Debug|Any CPU
		{C421F18F-DDE5-435F-BBD7-A92613385D0B}.Debug|iPhoneSimulator.Deploy.0 = Debug|Any CPU
		{C421F18F-DDE5-435F-BBD7-A92613385D0B}.Release|Any CPU.ActiveCfg = Release|Any CPU
		{C421F18F-DDE5-435F-BBD7-A92613385D0B}.Release|Any CPU.Build.0 = Release|Any CPU
		{C421F18F-DDE5-435F-BBD7-A92613385D0B}.Release|Any CPU.Deploy.0 = Release|Any CPU
		{C421F18F-DDE5-435F-BBD7-A92613385D0B}.Release|iPhone.ActiveCfg = Release|Any CPU
		{C421F18F-DDE5-435F-BBD7-A92613385D0B}.Release|iPhone.Build.0 = Release|Any CPU
		{C421F18F-DDE5-435F-BBD7-A92613385D0B}.Release|iPhone.Deploy.0 = Release|Any CPU
		{C421F18F-DDE5-435F-BBD7-A92613385D0B}.Release|iPhoneSimulator.ActiveCfg = Release|Any CPU
		{C421F18F-DDE5-435F-BBD7-A92613385D0B}.Release|iPhoneSimulator.Build.0 = Release|Any CPU
		{C421F18F-DDE5-435F-BBD7-A92613385D0B}.Release|iPhoneSimulator.Deploy.0 = Release|Any CPU
	EndGlobalSection
	GlobalSection(SolutionProperties) = preSolution
		HideSolutionNode = FALSE
	EndGlobalSection
	GlobalSection(ExtensibilityGlobals) = postSolution
		SolutionGuid = {5C026780-803C-48C1-8EB6-8BA998917ED6}
	EndGlobalSection
EndGlobal
